// !$*UTF8*$!
{
	archiveVersion = 1;
	classes = {
	};
	objectVersion = 56;
	objects = {

/* Begin PBXBuildFile section */
		E95415462BF6851D00562193 /* Tracker.swift in Sources */ = {isa = PBXBuildFile; fileRef = E95415452BF6851D00562193 /* Tracker.swift */; };
		E95415482BF685B800562193 /* TrackerCategory.swift in Sources */ = {isa = PBXBuildFile; fileRef = E95415472BF685B800562193 /* TrackerCategory.swift */; };
		E954154A2BF6865E00562193 /* TrackerRecord.swift in Sources */ = {isa = PBXBuildFile; fileRef = E95415492BF6865E00562193 /* TrackerRecord.swift */; };
		E95415722BFBD81300562193 /* ChooseTypeOrTrackerVC.swift in Sources */ = {isa = PBXBuildFile; fileRef = E95415712BFBD81200562193 /* ChooseTypeOrTrackerVC.swift */; };
		E95415742BFBEFFF00562193 /* NewHabitViewController.swift in Sources */ = {isa = PBXBuildFile; fileRef = E95415732BFBEFFF00562193 /* NewHabitViewController.swift */; };
		E9D311EE2BBDE13400F8C0E5 /* AppDelegate.swift in Sources */ = {isa = PBXBuildFile; fileRef = E9D311ED2BBDE13400F8C0E5 /* AppDelegate.swift */; };
		E9D311F02BBDE13400F8C0E5 /* SceneDelegate.swift in Sources */ = {isa = PBXBuildFile; fileRef = E9D311EF2BBDE13400F8C0E5 /* SceneDelegate.swift */; };
		E9D311F22BBDE13400F8C0E5 /* TrackerViewController.swift in Sources */ = {isa = PBXBuildFile; fileRef = E9D311F12BBDE13400F8C0E5 /* TrackerViewController.swift */; };
		E9D311F72BBDE13600F8C0E5 /* Assets.xcassets in Resources */ = {isa = PBXBuildFile; fileRef = E9D311F62BBDE13600F8C0E5 /* Assets.xcassets */; };
		E9D311FA2BBDE13600F8C0E5 /* Base in Resources */ = {isa = PBXBuildFile; fileRef = E9D311F92BBDE13600F8C0E5 /* Base */; };
		E9D3121E2BBDF07C00F8C0E5 /* LaunchScreenViewController.swift in Sources */ = {isa = PBXBuildFile; fileRef = E9D3121D2BBDF07C00F8C0E5 /* LaunchScreenViewController.swift */; };
		E9D312202BC4834300F8C0E5 /* TabBarController.swift in Sources */ = {isa = PBXBuildFile; fileRef = E9D3121F2BC4834300F8C0E5 /* TabBarController.swift */; };
		E9D312222BC4846A00F8C0E5 /* StatisticViewController.swift in Sources */ = {isa = PBXBuildFile; fileRef = E9D312212BC4846A00F8C0E5 /* StatisticViewController.swift */; };
/* End PBXBuildFile section */

/* Begin PBXContainerItemProxy section */
		E9D312012BBDE13600F8C0E5 /* PBXContainerItemProxy */ = {
			isa = PBXContainerItemProxy;
			containerPortal = E9D311E22BBDE13400F8C0E5 /* Project object */;
			proxyType = 1;
			remoteGlobalIDString = E9D311E92BBDE13400F8C0E5;
			remoteInfo = Tracker;
		};
		E9D3120B2BBDE13600F8C0E5 /* PBXContainerItemProxy */ = {
			isa = PBXContainerItemProxy;
			containerPortal = E9D311E22BBDE13400F8C0E5 /* Project object */;
			proxyType = 1;
			remoteGlobalIDString = E9D311E92BBDE13400F8C0E5;
			remoteInfo = Tracker;
		};
/* End PBXContainerItemProxy section */

/* Begin PBXFileReference section */
		E95415452BF6851D00562193 /* Tracker.swift */ = {isa = PBXFileReference; lastKnownFileType = sourcecode.swift; path = Tracker.swift; sourceTree = "<group>"; };
		E95415472BF685B800562193 /* TrackerCategory.swift */ = {isa = PBXFileReference; lastKnownFileType = sourcecode.swift; path = TrackerCategory.swift; sourceTree = "<group>"; };
		E95415492BF6865E00562193 /* TrackerRecord.swift */ = {isa = PBXFileReference; lastKnownFileType = sourcecode.swift; path = TrackerRecord.swift; sourceTree = "<group>"; };
		E95415712BFBD81200562193 /* ChooseTypeOrTrackerVC.swift */ = {isa = PBXFileReference; lastKnownFileType = sourcecode.swift; path = ChooseTypeOrTrackerVC.swift; sourceTree = "<group>"; };
		E95415732BFBEFFF00562193 /* NewHabitViewController.swift */ = {isa = PBXFileReference; lastKnownFileType = sourcecode.swift; path = NewHabitViewController.swift; sourceTree = "<group>"; };
		E9D311EA2BBDE13400F8C0E5 /* Tracker.app */ = {isa = PBXFileReference; explicitFileType = wrapper.application; includeInIndex = 0; path = Tracker.app; sourceTree = BUILT_PRODUCTS_DIR; };
		E9D311ED2BBDE13400F8C0E5 /* AppDelegate.swift */ = {isa = PBXFileReference; lastKnownFileType = sourcecode.swift; path = AppDelegate.swift; sourceTree = "<group>"; };
		E9D311EF2BBDE13400F8C0E5 /* SceneDelegate.swift */ = {isa = PBXFileReference; lastKnownFileType = sourcecode.swift; path = SceneDelegate.swift; sourceTree = "<group>"; };
		E9D311F12BBDE13400F8C0E5 /* TrackerViewController.swift */ = {isa = PBXFileReference; lastKnownFileType = sourcecode.swift; path = TrackerViewController.swift; sourceTree = "<group>"; };
		E9D311F62BBDE13600F8C0E5 /* Assets.xcassets */ = {isa = PBXFileReference; lastKnownFileType = folder.assetcatalog; path = Assets.xcassets; sourceTree = "<group>"; };
		E9D311F92BBDE13600F8C0E5 /* Base */ = {isa = PBXFileReference; lastKnownFileType = file.storyboard; name = Base; path = Base.lproj/LaunchScreen.storyboard; sourceTree = "<group>"; };
		E9D311FB2BBDE13600F8C0E5 /* Info.plist */ = {isa = PBXFileReference; lastKnownFileType = text.plist.xml; path = Info.plist; sourceTree = "<group>"; };
		E9D312002BBDE13600F8C0E5 /* TrackerTests.xctest */ = {isa = PBXFileReference; explicitFileType = wrapper.cfbundle; includeInIndex = 0; path = TrackerTests.xctest; sourceTree = BUILT_PRODUCTS_DIR; };
		E9D3120A2BBDE13600F8C0E5 /* TrackerUITests.xctest */ = {isa = PBXFileReference; explicitFileType = wrapper.cfbundle; includeInIndex = 0; path = TrackerUITests.xctest; sourceTree = BUILT_PRODUCTS_DIR; };
		E9D3121D2BBDF07C00F8C0E5 /* LaunchScreenViewController.swift */ = {isa = PBXFileReference; lastKnownFileType = sourcecode.swift; path = LaunchScreenViewController.swift; sourceTree = "<group>"; };
		E9D3121F2BC4834300F8C0E5 /* TabBarController.swift */ = {isa = PBXFileReference; lastKnownFileType = sourcecode.swift; path = TabBarController.swift; sourceTree = "<group>"; };
		E9D312212BC4846A00F8C0E5 /* StatisticViewController.swift */ = {isa = PBXFileReference; lastKnownFileType = sourcecode.swift; path = StatisticViewController.swift; sourceTree = "<group>"; };
/* End PBXFileReference section */

/* Begin PBXFrameworksBuildPhase section */
		E9D311E72BBDE13400F8C0E5 /* Frameworks */ = {
			isa = PBXFrameworksBuildPhase;
			buildActionMask = 2147483647;
			files = (
			);
			runOnlyForDeploymentPostprocessing = 0;
		};
		E9D311FD2BBDE13600F8C0E5 /* Frameworks */ = {
			isa = PBXFrameworksBuildPhase;
			buildActionMask = 2147483647;
			files = (
			);
			runOnlyForDeploymentPostprocessing = 0;
		};
		E9D312072BBDE13600F8C0E5 /* Frameworks */ = {
			isa = PBXFrameworksBuildPhase;
			buildActionMask = 2147483647;
			files = (
			);
			runOnlyForDeploymentPostprocessing = 0;
		};
/* End PBXFrameworksBuildPhase section */

/* Begin PBXGroup section */
		E95415702BFBD59C00562193 /* ViewControllers */ = {
			isa = PBXGroup;
			children = (
				E9D311F12BBDE13400F8C0E5 /* TrackerViewController.swift */,
				E95415712BFBD81200562193 /* ChooseTypeOrTrackerVC.swift */,
				E95415732BFBEFFF00562193 /* NewHabitViewController.swift */,
				E9D312212BC4846A00F8C0E5 /* StatisticViewController.swift */,
				E9D3121F2BC4834300F8C0E5 /* TabBarController.swift */,
				E9D3121D2BBDF07C00F8C0E5 /* LaunchScreenViewController.swift */,
			);
			path = ViewControllers;
			sourceTree = "<group>";
		};
		E9D311E12BBDE13400F8C0E5 = {
			isa = PBXGroup;
			children = (
				E9D311EC2BBDE13400F8C0E5 /* Tracker */,
				E9D311EB2BBDE13400F8C0E5 /* Products */,
			);
			sourceTree = "<group>";
		};
		E9D311EB2BBDE13400F8C0E5 /* Products */ = {
			isa = PBXGroup;
			children = (
				E9D311EA2BBDE13400F8C0E5 /* Tracker.app */,
				E9D312002BBDE13600F8C0E5 /* TrackerTests.xctest */,
				E9D3120A2BBDE13600F8C0E5 /* TrackerUITests.xctest */,
			);
			name = Products;
			sourceTree = "<group>";
		};
		E9D311EC2BBDE13400F8C0E5 /* Tracker */ = {
			isa = PBXGroup;
			children = (
				E9D311ED2BBDE13400F8C0E5 /* AppDelegate.swift */,
				E9D311EF2BBDE13400F8C0E5 /* SceneDelegate.swift */,
				E95415702BFBD59C00562193 /* ViewControllers */,
				E9D311F62BBDE13600F8C0E5 /* Assets.xcassets */,
				E9D311F82BBDE13600F8C0E5 /* LaunchScreen.storyboard */,
				E9D311FB2BBDE13600F8C0E5 /* Info.plist */,
				E95415452BF6851D00562193 /* Tracker.swift */,
				E95415472BF685B800562193 /* TrackerCategory.swift */,
				E95415492BF6865E00562193 /* TrackerRecord.swift */,
			);
			path = Tracker;
			sourceTree = "<group>";
		};
/* End PBXGroup section */

/* Begin PBXNativeTarget section */
		E9D311E92BBDE13400F8C0E5 /* Tracker */ = {
			isa = PBXNativeTarget;
			buildConfigurationList = E9D312142BBDE13600F8C0E5 /* Build configuration list for PBXNativeTarget "Tracker" */;
			buildPhases = (
				E9D311E62BBDE13400F8C0E5 /* Sources */,
				E9D311E72BBDE13400F8C0E5 /* Frameworks */,
				E9D311E82BBDE13400F8C0E5 /* Resources */,
			);
			buildRules = (
			);
			dependencies = (
			);
			name = Tracker;
			productName = Tracker;
			productReference = E9D311EA2BBDE13400F8C0E5 /* Tracker.app */;
			productType = "com.apple.product-type.application";
		};
		E9D311FF2BBDE13600F8C0E5 /* TrackerTests */ = {
			isa = PBXNativeTarget;
			buildConfigurationList = E9D312172BBDE13600F8C0E5 /* Build configuration list for PBXNativeTarget "TrackerTests" */;
			buildPhases = (
				E9D311FC2BBDE13600F8C0E5 /* Sources */,
				E9D311FD2BBDE13600F8C0E5 /* Frameworks */,
				E9D311FE2BBDE13600F8C0E5 /* Resources */,
			);
			buildRules = (
			);
			dependencies = (
				E9D312022BBDE13600F8C0E5 /* PBXTargetDependency */,
			);
			name = TrackerTests;
			productName = TrackerTests;
			productReference = E9D312002BBDE13600F8C0E5 /* TrackerTests.xctest */;
			productType = "com.apple.product-type.bundle.unit-test";
		};
		E9D312092BBDE13600F8C0E5 /* TrackerUITests */ = {
			isa = PBXNativeTarget;
			buildConfigurationList = E9D3121A2BBDE13600F8C0E5 /* Build configuration list for PBXNativeTarget "TrackerUITests" */;
			buildPhases = (
				E9D312062BBDE13600F8C0E5 /* Sources */,
				E9D312072BBDE13600F8C0E5 /* Frameworks */,
				E9D312082BBDE13600F8C0E5 /* Resources */,
			);
			buildRules = (
			);
			dependencies = (
				E9D3120C2BBDE13600F8C0E5 /* PBXTargetDependency */,
			);
			name = TrackerUITests;
			productName = TrackerUITests;
			productReference = E9D3120A2BBDE13600F8C0E5 /* TrackerUITests.xctest */;
			productType = "com.apple.product-type.bundle.ui-testing";
		};
/* End PBXNativeTarget section */

/* Begin PBXProject section */
		E9D311E22BBDE13400F8C0E5 /* Project object */ = {
			isa = PBXProject;
			attributes = {
				BuildIndependentTargetsInParallel = 1;
				LastSwiftUpdateCheck = 1530;
				LastUpgradeCheck = 1530;
				TargetAttributes = {
					E9D311E92BBDE13400F8C0E5 = {
						CreatedOnToolsVersion = 15.3;
					};
					E9D311FF2BBDE13600F8C0E5 = {
						CreatedOnToolsVersion = 15.3;
						TestTargetID = E9D311E92BBDE13400F8C0E5;
					};
					E9D312092BBDE13600F8C0E5 = {
						CreatedOnToolsVersion = 15.3;
						TestTargetID = E9D311E92BBDE13400F8C0E5;
					};
				};
			};
			buildConfigurationList = E9D311E52BBDE13400F8C0E5 /* Build configuration list for PBXProject "Tracker" */;
			compatibilityVersion = "Xcode 14.0";
			developmentRegion = en;
			hasScannedForEncodings = 0;
			knownRegions = (
				en,
				Base,
			);
			mainGroup = E9D311E12BBDE13400F8C0E5;
			productRefGroup = E9D311EB2BBDE13400F8C0E5 /* Products */;
			projectDirPath = "";
			projectRoot = "";
			targets = (
				E9D311E92BBDE13400F8C0E5 /* Tracker */,
				E9D311FF2BBDE13600F8C0E5 /* TrackerTests */,
				E9D312092BBDE13600F8C0E5 /* TrackerUITests */,
			);
		};
/* End PBXProject section */

/* Begin PBXResourcesBuildPhase section */
		E9D311E82BBDE13400F8C0E5 /* Resources */ = {
			isa = PBXResourcesBuildPhase;
			buildActionMask = 2147483647;
			files = (
				E9D311F72BBDE13600F8C0E5 /* Assets.xcassets in Resources */,
				E9D311FA2BBDE13600F8C0E5 /* Base in Resources */,
			);
			runOnlyForDeploymentPostprocessing = 0;
		};
		E9D311FE2BBDE13600F8C0E5 /* Resources */ = {
			isa = PBXResourcesBuildPhase;
			buildActionMask = 2147483647;
			files = (
			);
			runOnlyForDeploymentPostprocessing = 0;
		};
		E9D312082BBDE13600F8C0E5 /* Resources */ = {
			isa = PBXResourcesBuildPhase;
			buildActionMask = 2147483647;
			files = (
			);
			runOnlyForDeploymentPostprocessing = 0;
		};
/* End PBXResourcesBuildPhase section */

/* Begin PBXSourcesBuildPhase section */
		E9D311E62BBDE13400F8C0E5 /* Sources */ = {
			isa = PBXSourcesBuildPhase;
			buildActionMask = 2147483647;
			files = (
				E9D312222BC4846A00F8C0E5 /* StatisticViewController.swift in Sources */,
				E95415742BFBEFFF00562193 /* NewHabitViewController.swift in Sources */,
				E9D311F22BBDE13400F8C0E5 /* TrackerViewController.swift in Sources */,
				E95415482BF685B800562193 /* TrackerCategory.swift in Sources */,
				E95415722BFBD81300562193 /* ChooseTypeOrTrackerVC.swift in Sources */,
				E9D311EE2BBDE13400F8C0E5 /* AppDelegate.swift in Sources */,
				E9D3121E2BBDF07C00F8C0E5 /* LaunchScreenViewController.swift in Sources */,
				E954154A2BF6865E00562193 /* TrackerRecord.swift in Sources */,
				E9D312202BC4834300F8C0E5 /* TabBarController.swift in Sources */,
				E9D311F02BBDE13400F8C0E5 /* SceneDelegate.swift in Sources */,
				E95415462BF6851D00562193 /* Tracker.swift in Sources */,
			);
			runOnlyForDeploymentPostprocessing = 0;
		};
		E9D311FC2BBDE13600F8C0E5 /* Sources */ = {
			isa = PBXSourcesBuildPhase;
			buildActionMask = 2147483647;
			files = (
			);
			runOnlyForDeploymentPostprocessing = 0;
		};
		E9D312062BBDE13600F8C0E5 /* Sources */ = {
			isa = PBXSourcesBuildPhase;
			buildActionMask = 2147483647;
			files = (
			);
			runOnlyForDeploymentPostprocessing = 0;
		};
/* End PBXSourcesBuildPhase section */

/* Begin PBXTargetDependency section */
		E9D312022BBDE13600F8C0E5 /* PBXTargetDependency */ = {
			isa = PBXTargetDependency;
			target = E9D311E92BBDE13400F8C0E5 /* Tracker */;
			targetProxy = E9D312012BBDE13600F8C0E5 /* PBXContainerItemProxy */;
		};
		E9D3120C2BBDE13600F8C0E5 /* PBXTargetDependency */ = {
			isa = PBXTargetDependency;
			target = E9D311E92BBDE13400F8C0E5 /* Tracker */;
			targetProxy = E9D3120B2BBDE13600F8C0E5 /* PBXContainerItemProxy */;
		};
/* End PBXTargetDependency section */

/* Begin PBXVariantGroup section */
		E9D311F82BBDE13600F8C0E5 /* LaunchScreen.storyboard */ = {
			isa = PBXVariantGroup;
			children = (
				E9D311F92BBDE13600F8C0E5 /* Base */,
			);
			name = LaunchScreen.storyboard;
			sourceTree = "<group>";
		};
/* End PBXVariantGroup section */

/* Begin XCBuildConfiguration section */
		E9D312122BBDE13600F8C0E5 /* Debug */ = {
			isa = XCBuildConfiguration;
			buildSettings = {
				ALWAYS_SEARCH_USER_PATHS = NO;
				ASSETCATALOG_COMPILER_GENERATE_SWIFT_ASSET_SYMBOL_EXTENSIONS = YES;
				CLANG_ANALYZER_NONNULL = YES;
				CLANG_ANALYZER_NUMBER_OBJECT_CONVERSION = YES_AGGRESSIVE;
				CLANG_CXX_LANGUAGE_STANDARD = "gnu++20";
				CLANG_ENABLE_MODULES = YES;
				CLANG_ENABLE_OBJC_ARC = YES;
				CLANG_ENABLE_OBJC_WEAK = YES;
				CLANG_WARN_BLOCK_CAPTURE_AUTORELEASING = YES;
				CLANG_WARN_BOOL_CONVERSION = YES;
				CLANG_WARN_COMMA = YES;
				CLANG_WARN_CONSTANT_CONVERSION = YES;
				CLANG_WARN_DEPRECATED_OBJC_IMPLEMENTATIONS = YES;
				CLANG_WARN_DIRECT_OBJC_ISA_USAGE = YES_ERROR;
				CLANG_WARN_DOCUMENTATION_COMMENTS = YES;
				CLANG_WARN_EMPTY_BODY = YES;
				CLANG_WARN_ENUM_CONVERSION = YES;
				CLANG_WARN_INFINITE_RECURSION = YES;
				CLANG_WARN_INT_CONVERSION = YES;
				CLANG_WARN_NON_LITERAL_NULL_CONVERSION = YES;
				CLANG_WARN_OBJC_IMPLICIT_RETAIN_SELF = YES;
				CLANG_WARN_OBJC_LITERAL_CONVERSION = YES;
				CLANG_WARN_OBJC_ROOT_CLASS = YES_ERROR;
				CLANG_WARN_QUOTED_INCLUDE_IN_FRAMEWORK_HEADER = YES;
				CLANG_WARN_RANGE_LOOP_ANALYSIS = YES;
				CLANG_WARN_STRICT_PROTOTYPES = YES;
				CLANG_WARN_SUSPICIOUS_MOVE = YES;
				CLANG_WARN_UNGUARDED_AVAILABILITY = YES_AGGRESSIVE;
				CLANG_WARN_UNREACHABLE_CODE = YES;
				CLANG_WARN__DUPLICATE_METHOD_MATCH = YES;
				COPY_PHASE_STRIP = NO;
				DEBUG_INFORMATION_FORMAT = dwarf;
				ENABLE_STRICT_OBJC_MSGSEND = YES;
				ENABLE_TESTABILITY = YES;
				ENABLE_USER_SCRIPT_SANDBOXING = YES;
				GCC_C_LANGUAGE_STANDARD = gnu17;
				GCC_DYNAMIC_NO_PIC = NO;
				GCC_NO_COMMON_BLOCKS = YES;
				GCC_OPTIMIZATION_LEVEL = 0;
				GCC_PREPROCESSOR_DEFINITIONS = (
					"DEBUG=1",
					"$(inherited)",
				);
				GCC_WARN_64_TO_32_BIT_CONVERSION = YES;
				GCC_WARN_ABOUT_RETURN_TYPE = YES_ERROR;
				GCC_WARN_UNDECLARED_SELECTOR = YES;
				GCC_WARN_UNINITIALIZED_AUTOS = YES_AGGRESSIVE;
				GCC_WARN_UNUSED_FUNCTION = YES;
				GCC_WARN_UNUSED_VARIABLE = YES;
				IPHONEOS_DEPLOYMENT_TARGET = 17.4;
				LOCALIZATION_PREFERS_STRING_CATALOGS = YES;
				MTL_ENABLE_DEBUG_INFO = INCLUDE_SOURCE;
				MTL_FAST_MATH = YES;
				ONLY_ACTIVE_ARCH = YES;
				SDKROOT = iphoneos;
				SWIFT_ACTIVE_COMPILATION_CONDITIONS = "DEBUG $(inherited)";
				SWIFT_OPTIMIZATION_LEVEL = "-Onone";
			};
			name = Debug;
		};
		E9D312132BBDE13600F8C0E5 /* Release */ = {
			isa = XCBuildConfiguration;
			buildSettings = {
				ALWAYS_SEARCH_USER_PATHS = NO;
				ASSETCATALOG_COMPILER_GENERATE_SWIFT_ASSET_SYMBOL_EXTENSIONS = YES;
				CLANG_ANALYZER_NONNULL = YES;
				CLANG_ANALYZER_NUMBER_OBJECT_CONVERSION = YES_AGGRESSIVE;
				CLANG_CXX_LANGUAGE_STANDARD = "gnu++20";
				CLANG_ENABLE_MODULES = YES;
				CLANG_ENABLE_OBJC_ARC = YES;
				CLANG_ENABLE_OBJC_WEAK = YES;
				CLANG_WARN_BLOCK_CAPTURE_AUTORELEASING = YES;
				CLANG_WARN_BOOL_CONVERSION = YES;
				CLANG_WARN_COMMA = YES;
				CLANG_WARN_CONSTANT_CONVERSION = YES;
				CLANG_WARN_DEPRECATED_OBJC_IMPLEMENTATIONS = YES;
				CLANG_WARN_DIRECT_OBJC_ISA_USAGE = YES_ERROR;
				CLANG_WARN_DOCUMENTATION_COMMENTS = YES;
				CLANG_WARN_EMPTY_BODY = YES;
				CLANG_WARN_ENUM_CONVERSION = YES;
				CLANG_WARN_INFINITE_RECURSION = YES;
				CLANG_WARN_INT_CONVERSION = YES;
				CLANG_WARN_NON_LITERAL_NULL_CONVERSION = YES;
				CLANG_WARN_OBJC_IMPLICIT_RETAIN_SELF = YES;
				CLANG_WARN_OBJC_LITERAL_CONVERSION = YES;
				CLANG_WARN_OBJC_ROOT_CLASS = YES_ERROR;
				CLANG_WARN_QUOTED_INCLUDE_IN_FRAMEWORK_HEADER = YES;
				CLANG_WARN_RANGE_LOOP_ANALYSIS = YES;
				CLANG_WARN_STRICT_PROTOTYPES = YES;
				CLANG_WARN_SUSPICIOUS_MOVE = YES;
				CLANG_WARN_UNGUARDED_AVAILABILITY = YES_AGGRESSIVE;
				CLANG_WARN_UNREACHABLE_CODE = YES;
				CLANG_WARN__DUPLICATE_METHOD_MATCH = YES;
				COPY_PHASE_STRIP = NO;
				DEBUG_INFORMATION_FORMAT = "dwarf-with-dsym";
				ENABLE_NS_ASSERTIONS = NO;
				ENABLE_STRICT_OBJC_MSGSEND = YES;
				ENABLE_USER_SCRIPT_SANDBOXING = YES;
				GCC_C_LANGUAGE_STANDARD = gnu17;
				GCC_NO_COMMON_BLOCKS = YES;
				GCC_WARN_64_TO_32_BIT_CONVERSION = YES;
				GCC_WARN_ABOUT_RETURN_TYPE = YES_ERROR;
				GCC_WARN_UNDECLARED_SELECTOR = YES;
				GCC_WARN_UNINITIALIZED_AUTOS = YES_AGGRESSIVE;
				GCC_WARN_UNUSED_FUNCTION = YES;
				GCC_WARN_UNUSED_VARIABLE = YES;
				IPHONEOS_DEPLOYMENT_TARGET = 17.4;
				LOCALIZATION_PREFERS_STRING_CATALOGS = YES;
				MTL_ENABLE_DEBUG_INFO = NO;
				MTL_FAST_MATH = YES;
				SDKROOT = iphoneos;
				SWIFT_COMPILATION_MODE = wholemodule;
				VALIDATE_PRODUCT = YES;
			};
			name = Release;
		};
		E9D312152BBDE13600F8C0E5 /* Debug */ = {
			isa = XCBuildConfiguration;
			buildSettings = {
				ASSETCATALOG_COMPILER_APPICON_NAME = AppIcon;
				ASSETCATALOG_COMPILER_GLOBAL_ACCENT_COLOR_NAME = AccentColor;
				CODE_SIGN_STYLE = Automatic;
				CURRENT_PROJECT_VERSION = 1;
				DEVELOPMENT_TEAM = 6VCXFM3Z9Z;
				GENERATE_INFOPLIST_FILE = YES;
				INFOPLIST_FILE = Tracker/Info.plist;
				INFOPLIST_KEY_UIApplicationSupportsIndirectInputEvents = YES;
				INFOPLIST_KEY_UILaunchStoryboardName = LaunchScreen;
				INFOPLIST_KEY_UISupportedInterfaceOrientations = UIInterfaceOrientationPortrait;
				IPHONEOS_DEPLOYMENT_TARGET = 13.4;
				LD_RUNPATH_SEARCH_PATHS = (
					"$(inherited)",
					"@executable_path/Frameworks",
				);
				MARKETING_VERSION = 1.0;
				PRODUCT_BUNDLE_IDENTIFIER = ru.PavelNi00practicum.Tracker;
				PRODUCT_NAME = "$(TARGET_NAME)";
				SWIFT_EMIT_LOC_STRINGS = YES;
				SWIFT_VERSION = 5.0;
				TARGETED_DEVICE_FAMILY = "1,2";
			};
			name = Debug;
		};
		E9D312162BBDE13600F8C0E5 /* Release */ = {
			isa = XCBuildConfiguration;
			buildSettings = {
				ASSETCATALOG_COMPILER_APPICON_NAME = AppIcon;
				ASSETCATALOG_COMPILER_GLOBAL_ACCENT_COLOR_NAME = AccentColor;
				CODE_SIGN_STYLE = Automatic;
				CURRENT_PROJECT_VERSION = 1;
				DEVELOPMENT_TEAM = 6VCXFM3Z9Z;
				GENERATE_INFOPLIST_FILE = YES;
				INFOPLIST_FILE = Tracker/Info.plist;
				INFOPLIST_KEY_UIApplicationSupportsIndirectInputEvents = YES;
				INFOPLIST_KEY_UILaunchStoryboardName = LaunchScreen;
				INFOPLIST_KEY_UISupportedInterfaceOrientations = UIInterfaceOrientationPortrait;
				IPHONEOS_DEPLOYMENT_TARGET = 13.4;
				LD_RUNPATH_SEARCH_PATHS = (
					"$(inherited)",
					"@executable_path/Frameworks",
				);
				MARKETING_VERSION = 1.0;
				PRODUCT_BUNDLE_IDENTIFIER = ru.PavelNi00practicum.Tracker;
				PRODUCT_NAME = "$(TARGET_NAME)";
				SWIFT_EMIT_LOC_STRINGS = YES;
				SWIFT_VERSION = 5.0;
				TARGETED_DEVICE_FAMILY = "1,2";
			};
			name = Release;
		};
		E9D312182BBDE13600F8C0E5 /* Debug */ = {
			isa = XCBuildConfiguration;
			buildSettings = {
				ALWAYS_EMBED_SWIFT_STANDARD_LIBRARIES = YES;
				BUNDLE_LOADER = "$(TEST_HOST)";
				CODE_SIGN_STYLE = Automatic;
				CURRENT_PROJECT_VERSION = 1;
				DEVELOPMENT_TEAM = 6VCXFM3Z9Z;
				GENERATE_INFOPLIST_FILE = YES;
				IPHONEOS_DEPLOYMENT_TARGET = 17.4;
				MARKETING_VERSION = 1.0;
				PRODUCT_BUNDLE_IDENTIFIER = ru.yandex.practicum.TrackerTests;
				PRODUCT_NAME = "$(TARGET_NAME)";
				SWIFT_EMIT_LOC_STRINGS = NO;
				SWIFT_VERSION = 5.0;
				TARGETED_DEVICE_FAMILY = "1,2";
				TEST_HOST = "$(BUILT_PRODUCTS_DIR)/Tracker.app/$(BUNDLE_EXECUTABLE_FOLDER_PATH)/Tracker";
			};
			name = Debug;
		};
		E9D312192BBDE13600F8C0E5 /* Release */ = {
			isa = XCBuildConfiguration;
			buildSettings = {
				ALWAYS_EMBED_SWIFT_STANDARD_LIBRARIES = YES;
				BUNDLE_LOADER = "$(TEST_HOST)";
				CODE_SIGN_STYLE = Automatic;
				CURRENT_PROJECT_VERSION = 1;
				DEVELOPMENT_TEAM = 6VCXFM3Z9Z;
				GENERATE_INFOPLIST_FILE = YES;
				IPHONEOS_DEPLOYMENT_TARGET = 17.4;
				MARKETING_VERSION = 1.0;
				PRODUCT_BUNDLE_IDENTIFIER = ru.yandex.practicum.TrackerTests;
				PRODUCT_NAME = "$(TARGET_NAME)";
				SWIFT_EMIT_LOC_STRINGS = NO;
				SWIFT_VERSION = 5.0;
				TARGETED_DEVICE_FAMILY = "1,2";
				TEST_HOST = "$(BUILT_PRODUCTS_DIR)/Tracker.app/$(BUNDLE_EXECUTABLE_FOLDER_PATH)/Tracker";
			};
			name = Release;
		};
		E9D3121B2BBDE13600F8C0E5 /* Debug */ = {
			isa = XCBuildConfiguration;
			buildSettings = {
				ALWAYS_EMBED_SWIFT_STANDARD_LIBRARIES = YES;
				CODE_SIGN_STYLE = Automatic;
				CURRENT_PROJECT_VERSION = 1;
				DEVELOPMENT_TEAM = 6VCXFM3Z9Z;
				GENERATE_INFOPLIST_FILE = YES;
				MARKETING_VERSION = 1.0;
				PRODUCT_BUNDLE_IDENTIFIER = ru.yandex.practicum.TrackerUITests;
				PRODUCT_NAME = "$(TARGET_NAME)";
				SWIFT_EMIT_LOC_STRINGS = NO;
				SWIFT_VERSION = 5.0;
				TARGETED_DEVICE_FAMILY = "1,2";
				TEST_TARGET_NAME = Tracker;
			};
			name = Debug;
		};
		E9D3121C2BBDE13600F8C0E5 /* Release */ = {
			isa = XCBuildConfiguration;
			buildSettings = {
				ALWAYS_EMBED_SWIFT_STANDARD_LIBRARIES = YES;
				CODE_SIGN_STYLE = Automatic;
				CURRENT_PROJECT_VERSION = 1;
				DEVELOPMENT_TEAM = 6VCXFM3Z9Z;
				GENERATE_INFOPLIST_FILE = YES;
				MARKETING_VERSION = 1.0;
				PRODUCT_BUNDLE_IDENTIFIER = ru.yandex.practicum.TrackerUITests;
				PRODUCT_NAME = "$(TARGET_NAME)";
				SWIFT_EMIT_LOC_STRINGS = NO;
				SWIFT_VERSION = 5.0;
				TARGETED_DEVICE_FAMILY = "1,2";
				TEST_TARGET_NAME = Tracker;
			};
			name = Release;
		};
/* End XCBuildConfiguration section */

/* Begin XCConfigurationList section */
		E9D311E52BBDE13400F8C0E5 /* Build configuration list for PBXProject "Tracker" */ = {
			isa = XCConfigurationList;
			buildConfigurations = (
				E9D312122BBDE13600F8C0E5 /* Debug */,
				E9D312132BBDE13600F8C0E5 /* Release */,
			);
			defaultConfigurationIsVisible = 0;
			defaultConfigurationName = Release;
		};
		E9D312142BBDE13600F8C0E5 /* Build configuration list for PBXNativeTarget "Tracker" */ = {
			isa = XCConfigurationList;
			buildConfigurations = (
				E9D312152BBDE13600F8C0E5 /* Debug */,
				E9D312162BBDE13600F8C0E5 /* Release */,
			);
			defaultConfigurationIsVisible = 0;
			defaultConfigurationName = Release;
		};
		E9D312172BBDE13600F8C0E5 /* Build configuration list for PBXNativeTarget "TrackerTests" */ = {
			isa = XCConfigurationList;
			buildConfigurations = (
				E9D312182BBDE13600F8C0E5 /* Debug */,
				E9D312192BBDE13600F8C0E5 /* Release */,
			);
			defaultConfigurationIsVisible = 0;
			defaultConfigurationName = Release;
		};
		E9D3121A2BBDE13600F8C0E5 /* Build configuration list for PBXNativeTarget "TrackerUITests" */ = {
			isa = XCConfigurationList;
			buildConfigurations = (
				E9D3121B2BBDE13600F8C0E5 /* Debug */,
				E9D3121C2BBDE13600F8C0E5 /* Release */,
			);
			defaultConfigurationIsVisible = 0;
			defaultConfigurationName = Release;
		};
/* End XCConfigurationList section */
	};
	rootObject = E9D311E22BBDE13400F8C0E5 /* Project object */;
}
